
Microsoft Visual Studio Solution File, Format Version 12.00
# Visual Studio Version 17
VisualStudioVersion = 17.8.34309.116
MinimumVisualStudioVersion = 10.0.40219.1
Project("{FAE04EC0-301F-11D3-BF4B-00C04F79EFBC}") = "College", "College\College.csproj", "{7F62B709-8751-4212-BE53-C9542C6EE738}"
EndProject
Global
	GlobalSection(SolutionConfigurationPlatforms) = preSolution
		Debug|Any CPU = Debug|Any CPU
		Release|Any CPU = Release|Any CPU
	EndGlobalSection
	GlobalSection(ProjectConfigurationPlatforms) = postSolution
		{7F62B709-8751-4212-BE53-C9542C6EE738}.Debug|Any CPU.ActiveCfg = Debug|Any CPU
		{7F62B709-8751-4212-BE53-C9542C6EE738}.Debug|Any CPU.Build.0 = Debug|Any CPU
		{7F62B709-8751-4212-BE53-C9542C6EE738}.Release|Any CPU.ActiveCfg = Release|Any CPU
		{7F62B709-8751-4212-BE53-C9542C6EE738}.Release|Any CPU.Build.0 = Release|Any CPU
	EndGlobalSection
	GlobalSection(SolutionProperties) = preSolution
		HideSolutionNode = FALSE
	EndGlobalSection
	GlobalSection(ExtensibilityGlobals) = postSolution
		SolutionGuid = {E429E535-84E8-4CEC-AA95-A9001E413DB9}
	EndGlobalSection
EndGlobal
